
Microsoft Visual Studio Solution File, Format Version 12.00
# Visual Studio Version 17
VisualStudioVersion = 17.14.36429.23
MinimumVisualStudioVersion = 10.0.40219.1
Project("{FAE04EC0-301F-11D3-BF4B-00C04F79EFBC}") = "Geolink.API", "Geolink.API\Geolink.API.csproj", "{F743B500-2081-4863-998B-0556D5183B7E}"
EndProject
Project("{FAE04EC0-301F-11D3-BF4B-00C04F79EFBC}") = "Geolink.Domain", "Geolink.Domain\Geolink.Domain.csproj", "{73961375-BFA9-4168-94DD-A42E5E25F92E}"
EndProject
Project("{FAE04EC0-301F-11D3-BF4B-00C04F79EFBC}") = "Geolink.Application", "Geolink.Application\Geolink.Application.csproj", "{5EED609D-55CE-4858-A99A-53ED1876C817}"
EndProject
Project("{FAE04EC0-301F-11D3-BF4B-00C04F79EFBC}") = "Geolink.Infrastructure", "Geolink.Infrastructure\Geolink.Infrastructure.csproj", "{A9C16423-5240-4618-8914-58036F4EE8F1}"
EndProject
Global
	GlobalSection(SolutionConfigurationPlatforms) = preSolution
		Debug|Any CPU = Debug|Any CPU
		Debug|x64 = Debug|x64
		Debug|x86 = Debug|x86
		Release|Any CPU = Release|Any CPU
		Release|x64 = Release|x64
		Release|x86 = Release|x86
	EndGlobalSection
	GlobalSection(ProjectConfigurationPlatforms) = postSolution
		{F743B500-2081-4863-998B-0556D5183B7E}.Debug|Any CPU.ActiveCfg = Debug|Any CPU
		{F743B500-2081-4863-998B-0556D5183B7E}.Debug|Any CPU.Build.0 = Debug|Any CPU
		{F743B500-2081-4863-998B-0556D5183B7E}.Debug|x64.ActiveCfg = Debug|Any CPU
		{F743B500-2081-4863-998B-0556D5183B7E}.Debug|x64.Build.0 = Debug|Any CPU
		{F743B500-2081-4863-998B-0556D5183B7E}.Debug|x86.ActiveCfg = Debug|Any CPU
		{F743B500-2081-4863-998B-0556D5183B7E}.Debug|x86.Build.0 = Debug|Any CPU
		{F743B500-2081-4863-998B-0556D5183B7E}.Release|Any CPU.ActiveCfg = Release|Any CPU
		{F743B500-2081-4863-998B-0556D5183B7E}.Release|Any CPU.Build.0 = Release|Any CPU
		{F743B500-2081-4863-998B-0556D5183B7E}.Release|x64.ActiveCfg = Release|Any CPU
		{F743B500-2081-4863-998B-0556D5183B7E}.Release|x64.Build.0 = Release|Any CPU
		{F743B500-2081-4863-998B-0556D5183B7E}.Release|x86.ActiveCfg = Release|Any CPU
		{F743B500-2081-4863-998B-0556D5183B7E}.Release|x86.Build.0 = Release|Any CPU
		{73961375-BFA9-4168-94DD-A42E5E25F92E}.Debug|Any CPU.ActiveCfg = Debug|Any CPU
		{73961375-BFA9-4168-94DD-A42E5E25F92E}.Debug|Any CPU.Build.0 = Debug|Any CPU
		{73961375-BFA9-4168-94DD-A42E5E25F92E}.Debug|x64.ActiveCfg = Debug|Any CPU
		{73961375-BFA9-4168-94DD-A42E5E25F92E}.Debug|x64.Build.0 = Debug|Any CPU
		{73961375-BFA9-4168-94DD-A42E5E25F92E}.Debug|x86.ActiveCfg = Debug|Any CPU
		{73961375-BFA9-4168-94DD-A42E5E25F92E}.Debug|x86.Build.0 = Debug|Any CPU
		{73961375-BFA9-4168-94DD-A42E5E25F92E}.Release|Any CPU.ActiveCfg = Release|Any CPU
		{73961375-BFA9-4168-94DD-A42E5E25F92E}.Release|Any CPU.Build.0 = Release|Any CPU
		{73961375-BFA9-4168-94DD-A42E5E25F92E}.Release|x64.ActiveCfg = Release|Any CPU
		{73961375-BFA9-4168-94DD-A42E5E25F92E}.Release|x64.Build.0 = Release|Any CPU
		{73961375-BFA9-4168-94DD-A42E5E25F92E}.Release|x86.ActiveCfg = Release|Any CPU
		{73961375-BFA9-4168-94DD-A42E5E25F92E}.Release|x86.Build.0 = Release|Any CPU
		{5EED609D-55CE-4858-A99A-53ED1876C817}.Debug|Any CPU.ActiveCfg = Debug|Any CPU
		{5EED609D-55CE-4858-A99A-53ED1876C817}.Debug|Any CPU.Build.0 = Debug|Any CPU
		{5EED609D-55CE-4858-A99A-53ED1876C817}.Debug|x64.ActiveCfg = Debug|Any CPU
		{5EED609D-55CE-4858-A99A-53ED1876C817}.Debug|x64.Build.0 = Debug|Any CPU
		{5EED609D-55CE-4858-A99A-53ED1876C817}.Debug|x86.ActiveCfg = Debug|Any CPU
		{5EED609D-55CE-4858-A99A-53ED1876C817}.Debug|x86.Build.0 = Debug|Any CPU
		{5EED609D-55CE-4858-A99A-53ED1876C817}.Release|Any CPU.ActiveCfg = Release|Any CPU
		{5EED609D-55CE-4858-A99A-53ED1876C817}.Release|Any CPU.Build.0 = Release|Any CPU
		{5EED609D-55CE-4858-A99A-53ED1876C817}.Release|x64.ActiveCfg = Release|Any CPU
		{5EED609D-55CE-4858-A99A-53ED1876C817}.Release|x64.Build.0 = Release|Any CPU
		{5EED609D-55CE-4858-A99A-53ED1876C817}.Release|x86.ActiveCfg = Release|Any CPU
		{5EED609D-55CE-4858-A99A-53ED1876C817}.Release|x86.Build.0 = Release|Any CPU
		{A9C16423-5240-4618-8914-58036F4EE8F1}.Debug|Any CPU.ActiveCfg = Debug|Any CPU
		{A9C16423-5240-4618-8914-58036F4EE8F1}.Debug|Any CPU.Build.0 = Debug|Any CPU
		{A9C16423-5240-4618-8914-58036F4EE8F1}.Debug|x64.ActiveCfg = Debug|Any CPU
		{A9C16423-5240-4618-8914-58036F4EE8F1}.Debug|x64.Build.0 = Debug|Any CPU
		{A9C16423-5240-4618-8914-58036F4EE8F1}.Debug|x86.ActiveCfg = Debug|Any CPU
		{A9C16423-5240-4618-8914-58036F4EE8F1}.Debug|x86.Build.0 = Debug|Any CPU
		{A9C16423-5240-4618-8914-58036F4EE8F1}.Release|Any CPU.ActiveCfg = Release|Any CPU
		{A9C16423-5240-4618-8914-58036F4EE8F1}.Release|Any CPU.Build.0 = Release|Any CPU
		{A9C16423-5240-4618-8914-58036F4EE8F1}.Release|x64.ActiveCfg = Release|Any CPU
		{A9C16423-5240-4618-8914-58036F4EE8F1}.Release|x64.Build.0 = Release|Any CPU
		{A9C16423-5240-4618-8914-58036F4EE8F1}.Release|x86.ActiveCfg = Release|Any CPU
		{A9C16423-5240-4618-8914-58036F4EE8F1}.Release|x86.Build.0 = Release|Any CPU
	EndGlobalSection
	GlobalSection(SolutionProperties) = preSolution
		HideSolutionNode = FALSE
	EndGlobalSection
	GlobalSection(ExtensibilityGlobals) = postSolution
		SolutionGuid = {26258913-28B4-41BC-B581-BCDB1C3C772A}
	EndGlobalSection
EndGlobal
